
Microsoft Visual Studio Solution File, Format Version 12.00
# Visual Studio 15
VisualStudioVersion = 15.0.28307.421
MinimumVisualStudioVersion = 10.0.40219.1
Project("{FAE04EC0-301F-11D3-BF4B-00C04F79EFBC}") = "Exam_2_Alien_Invading_Refactoring", "Exam_2_Alien_Invading_Refactoring\Exam_2_Alien_Invading_Refactoring.csproj", "{954F0C6C-D8A6-4139-A493-ABF2444FD312}"
EndProject
Global
	GlobalSection(SolutionConfigurationPlatforms) = preSolution
		Debug|Any CPU = Debug|Any CPU
		Release|Any CPU = Release|Any CPU
	EndGlobalSection
	GlobalSection(ProjectConfigurationPlatforms) = postSolution
		{954F0C6C-D8A6-4139-A493-ABF2444FD312}.Debug|Any CPU.ActiveCfg = Debug|Any CPU
		{954F0C6C-D8A6-4139-A493-ABF2444FD312}.Debug|Any CPU.Build.0 = Debug|Any CPU
		{954F0C6C-D8A6-4139-A493-ABF2444FD312}.Release|Any CPU.ActiveCfg = Release|Any CPU
		{954F0C6C-D8A6-4139-A493-ABF2444FD312}.Release|Any CPU.Build.0 = Release|Any CPU
	EndGlobalSection
	GlobalSection(SolutionProperties) = preSolution
		HideSolutionNode = FALSE
	EndGlobalSection
	GlobalSection(ExtensibilityGlobals) = postSolution
		SolutionGuid = {E210CD36-CDED-48A4-A075-2E3E47EE60B1}
	EndGlobalSection
EndGlobal
