
Microsoft Visual Studio Solution File, Format Version 12.00
# Visual Studio 15
VisualStudioVersion = 15.0.28307.421
MinimumVisualStudioVersion = 10.0.40219.1
Project("{FAE04EC0-301F-11D3-BF4B-00C04F79EFBC}") = "Exam_1_Alien_Invading", "Exam_1_Alien_Invading\Exam_1_Alien_Invading.csproj", "{1F9EEC6A-78B7-48DD-B9C5-B633C3A73552}"
EndProject
Global
	GlobalSection(SolutionConfigurationPlatforms) = preSolution
		Debug|Any CPU = Debug|Any CPU
		Release|Any CPU = Release|Any CPU
	EndGlobalSection
	GlobalSection(ProjectConfigurationPlatforms) = postSolution
		{1F9EEC6A-78B7-48DD-B9C5-B633C3A73552}.Debug|Any CPU.ActiveCfg = Debug|Any CPU
		{1F9EEC6A-78B7-48DD-B9C5-B633C3A73552}.Debug|Any CPU.Build.0 = Debug|Any CPU
		{1F9EEC6A-78B7-48DD-B9C5-B633C3A73552}.Release|Any CPU.ActiveCfg = Release|Any CPU
		{1F9EEC6A-78B7-48DD-B9C5-B633C3A73552}.Release|Any CPU.Build.0 = Release|Any CPU
	EndGlobalSection
	GlobalSection(SolutionProperties) = preSolution
		HideSolutionNode = FALSE
	EndGlobalSection
	GlobalSection(ExtensibilityGlobals) = postSolution
		SolutionGuid = {17DF7737-C2C6-47F1-943C-347390D53C62}
	EndGlobalSection
EndGlobal
