
Microsoft Visual Studio Solution File, Format Version 12.00
# Visual Studio Version 16
VisualStudioVersion = 16.0.29613.14
MinimumVisualStudioVersion = 10.0.40219.1
Project("{FAE04EC0-301F-11D3-BF4B-00C04F79EFBC}") = "Exams_10_Chaos_League", "Exams_10_Chaos_League\Exams_10_Chaos_League.csproj", "{EEF07E25-0C0F-4710-8D08-BA7E0FE1AFB0}"
EndProject
Global
	GlobalSection(SolutionConfigurationPlatforms) = preSolution
		Debug|Any CPU = Debug|Any CPU
		Release|Any CPU = Release|Any CPU
	EndGlobalSection
	GlobalSection(ProjectConfigurationPlatforms) = postSolution
		{EEF07E25-0C0F-4710-8D08-BA7E0FE1AFB0}.Debug|Any CPU.ActiveCfg = Debug|Any CPU
		{EEF07E25-0C0F-4710-8D08-BA7E0FE1AFB0}.Debug|Any CPU.Build.0 = Debug|Any CPU
		{EEF07E25-0C0F-4710-8D08-BA7E0FE1AFB0}.Release|Any CPU.ActiveCfg = Release|Any CPU
		{EEF07E25-0C0F-4710-8D08-BA7E0FE1AFB0}.Release|Any CPU.Build.0 = Release|Any CPU
	EndGlobalSection
	GlobalSection(SolutionProperties) = preSolution
		HideSolutionNode = FALSE
	EndGlobalSection
	GlobalSection(ExtensibilityGlobals) = postSolution
		SolutionGuid = {BE392B65-DAAA-4483-8F5C-262037E2B9DA}
	EndGlobalSection
EndGlobal
