
Microsoft Visual Studio Solution File, Format Version 12.00
# Visual Studio Version 16
VisualStudioVersion = 16.0.29613.14
MinimumVisualStudioVersion = 10.0.40219.1
Project("{FAE04EC0-301F-11D3-BF4B-00C04F79EFBC}") = "Exams_10_Chaos_League", "Exams_10_Chaos_League\Exams_10_Chaos_League.csproj", "{EF216718-517A-46E3-8F57-219A59244D95}"
EndProject
Global
	GlobalSection(SolutionConfigurationPlatforms) = preSolution
		Debug|Any CPU = Debug|Any CPU
		Release|Any CPU = Release|Any CPU
	EndGlobalSection
	GlobalSection(ProjectConfigurationPlatforms) = postSolution
		{EF216718-517A-46E3-8F57-219A59244D95}.Debug|Any CPU.ActiveCfg = Debug|Any CPU
		{EF216718-517A-46E3-8F57-219A59244D95}.Debug|Any CPU.Build.0 = Debug|Any CPU
		{EF216718-517A-46E3-8F57-219A59244D95}.Release|Any CPU.ActiveCfg = Release|Any CPU
		{EF216718-517A-46E3-8F57-219A59244D95}.Release|Any CPU.Build.0 = Release|Any CPU
	EndGlobalSection
	GlobalSection(SolutionProperties) = preSolution
		HideSolutionNode = FALSE
	EndGlobalSection
	GlobalSection(ExtensibilityGlobals) = postSolution
		SolutionGuid = {60E64D62-E4D1-4A29-B5BC-A46371ECB1AA}
	EndGlobalSection
EndGlobal
